
Microsoft Visual Studio Solution File, Format Version 12.00
# Visual Studio Version 16
VisualStudioVersion = 16.0.30804.86
MinimumVisualStudioVersion = 10.0.40219.1
Project("{9A19103F-16F7-4668-BE54-9A1E7A4F7556}") = "KampIntro", "KampIntro\KampIntro.csproj", "{C8B78C86-8D2D-4105-AD02-03DEF81F885D}"
EndProject
Project("{9A19103F-16F7-4668-BE54-9A1E7A4F7556}") = "KampDonguler", "KampDonguler\KampDonguler.csproj", "{14622896-6A63-4127-931B-B939CDAC1D91}"
EndProject
Project("{9A19103F-16F7-4668-BE54-9A1E7A4F7556}") = "siniflar", "siniflar\siniflar.csproj", "{564ED89B-AEDC-47C4-8776-F2A40FD351FE}"
EndProject
Project("{FAE04EC0-301F-11D3-BF4B-00C04F79EFBC}") = "Metotlar", "Metotlar\Metotlar.csproj", "{03979EEB-F121-487D-902C-070A3B7BF004}"
EndProject
Project("{FAE04EC0-301F-11D3-BF4B-00C04F79EFBC}") = "Matematik", "Matematik\Matematik.csproj", "{AFA45182-14CB-4968-912D-8086EA1D2FE7}"
EndProject
Project("{FAE04EC0-301F-11D3-BF4B-00C04F79EFBC}") = "DegerVeReferansTipler", "DegerVeReferansTipler\DegerVeReferansTipler.csproj", "{23A3EE4E-9EAA-4916-AF44-82BF373666A4}"
EndProject
Global
	GlobalSection(SolutionConfigurationPlatforms) = preSolution
		Debug|Any CPU = Debug|Any CPU
		Release|Any CPU = Release|Any CPU
	EndGlobalSection
	GlobalSection(ProjectConfigurationPlatforms) = postSolution
		{C8B78C86-8D2D-4105-AD02-03DEF81F885D}.Debug|Any CPU.ActiveCfg = Debug|Any CPU
		{C8B78C86-8D2D-4105-AD02-03DEF81F885D}.Debug|Any CPU.Build.0 = Debug|Any CPU
		{C8B78C86-8D2D-4105-AD02-03DEF81F885D}.Release|Any CPU.ActiveCfg = Release|Any CPU
		{C8B78C86-8D2D-4105-AD02-03DEF81F885D}.Release|Any CPU.Build.0 = Release|Any CPU
		{14622896-6A63-4127-931B-B939CDAC1D91}.Debug|Any CPU.ActiveCfg = Debug|Any CPU
		{14622896-6A63-4127-931B-B939CDAC1D91}.Debug|Any CPU.Build.0 = Debug|Any CPU
		{14622896-6A63-4127-931B-B939CDAC1D91}.Release|Any CPU.ActiveCfg = Release|Any CPU
		{14622896-6A63-4127-931B-B939CDAC1D91}.Release|Any CPU.Build.0 = Release|Any CPU
		{564ED89B-AEDC-47C4-8776-F2A40FD351FE}.Debug|Any CPU.ActiveCfg = Debug|Any CPU
		{564ED89B-AEDC-47C4-8776-F2A40FD351FE}.Debug|Any CPU.Build.0 = Debug|Any CPU
		{564ED89B-AEDC-47C4-8776-F2A40FD351FE}.Release|Any CPU.ActiveCfg = Release|Any CPU
		{564ED89B-AEDC-47C4-8776-F2A40FD351FE}.Release|Any CPU.Build.0 = Release|Any CPU
		{03979EEB-F121-487D-902C-070A3B7BF004}.Debug|Any CPU.ActiveCfg = Debug|Any CPU
		{03979EEB-F121-487D-902C-070A3B7BF004}.Debug|Any CPU.Build.0 = Debug|Any CPU
		{03979EEB-F121-487D-902C-070A3B7BF004}.Release|Any CPU.ActiveCfg = Release|Any CPU
		{03979EEB-F121-487D-902C-070A3B7BF004}.Release|Any CPU.Build.0 = Release|Any CPU
		{AFA45182-14CB-4968-912D-8086EA1D2FE7}.Debug|Any CPU.ActiveCfg = Debug|Any CPU
		{AFA45182-14CB-4968-912D-8086EA1D2FE7}.Debug|Any CPU.Build.0 = Debug|Any CPU
		{AFA45182-14CB-4968-912D-8086EA1D2FE7}.Release|Any CPU.ActiveCfg = Release|Any CPU
		{AFA45182-14CB-4968-912D-8086EA1D2FE7}.Release|Any CPU.Build.0 = Release|Any CPU
		{23A3EE4E-9EAA-4916-AF44-82BF373666A4}.Debug|Any CPU.ActiveCfg = Debug|Any CPU
		{23A3EE4E-9EAA-4916-AF44-82BF373666A4}.Debug|Any CPU.Build.0 = Debug|Any CPU
		{23A3EE4E-9EAA-4916-AF44-82BF373666A4}.Release|Any CPU.ActiveCfg = Release|Any CPU
		{23A3EE4E-9EAA-4916-AF44-82BF373666A4}.Release|Any CPU.Build.0 = Release|Any CPU
	EndGlobalSection
	GlobalSection(SolutionProperties) = preSolution
		HideSolutionNode = FALSE
	EndGlobalSection
	GlobalSection(ExtensibilityGlobals) = postSolution
		SolutionGuid = {5CFBBA96-75D4-42FD-BBFF-1C36DD2B7BE8}
	EndGlobalSection
EndGlobal
